// !$*UTF8*$!
{
	archiveVersion = 1;
	classes = {
	};
	objectVersion = 56;
	objects = {

/* Begin PBXBuildFile section */
		3B0EE0F42A09D70A003ACB7A /* WorkoutDetailsViewController.swift in Sources */ = {isa = PBXBuildFile; fileRef = 3B0EE0F32A09D70A003ACB7A /* WorkoutDetailsViewController.swift */; };
		3B0EE0F62A09D82A003ACB7A /* ExerciseFieldView.swift in Sources */ = {isa = PBXBuildFile; fileRef = 3B0EE0F52A09D82A003ACB7A /* ExerciseFieldView.swift */; };
		3B0EE0F82A0B0974003ACB7A /* SettingsViewController.swift in Sources */ = {isa = PBXBuildFile; fileRef = 3B0EE0F72A0B0974003ACB7A /* SettingsViewController.swift */; };
		3B10097A29FA27B100A60FDB /* AppDelegate.swift in Sources */ = {isa = PBXBuildFile; fileRef = 3B10097929FA27B100A60FDB /* AppDelegate.swift */; };
		3B10097C29FA27B100A60FDB /* SceneDelegate.swift in Sources */ = {isa = PBXBuildFile; fileRef = 3B10097B29FA27B100A60FDB /* SceneDelegate.swift */; };
		3B10097E29FA27B100A60FDB /* ViewController.swift in Sources */ = {isa = PBXBuildFile; fileRef = 3B10097D29FA27B100A60FDB /* ViewController.swift */; };
		3B10098329FA27B300A60FDB /* Assets.xcassets in Resources */ = {isa = PBXBuildFile; fileRef = 3B10098229FA27B300A60FDB /* Assets.xcassets */; };
		3B10098629FA27B300A60FDB /* LaunchScreen.storyboard in Resources */ = {isa = PBXBuildFile; fileRef = 3B10098429FA27B300A60FDB /* LaunchScreen.storyboard */; };
		3B10098E29FA28EE00A60FDB /* LoginViewController.swift in Sources */ = {isa = PBXBuildFile; fileRef = 3B10098D29FA28EE00A60FDB /* LoginViewController.swift */; };
		3B10099029FA2CD400A60FDB /* GoogleService-Info.plist in Resources */ = {isa = PBXBuildFile; fileRef = 3B10098F29FA2CD400A60FDB /* GoogleService-Info.plist */; };
		3B10099329FA2D5800A60FDB /* FirebaseAuth in Frameworks */ = {isa = PBXBuildFile; productRef = 3B10099229FA2D5800A60FDB /* FirebaseAuth */; };
		3B10099529FA2D5800A60FDB /* FirebaseDatabase in Frameworks */ = {isa = PBXBuildFile; productRef = 3B10099429FA2D5800A60FDB /* FirebaseDatabase */; };
		3B10099729FA2D5800A60FDB /* FirebaseFirestore in Frameworks */ = {isa = PBXBuildFile; productRef = 3B10099629FA2D5800A60FDB /* FirebaseFirestore */; };
		3B10099929FA2D5800A60FDB /* FirebaseFirestoreSwift in Frameworks */ = {isa = PBXBuildFile; productRef = 3B10099829FA2D5800A60FDB /* FirebaseFirestoreSwift */; };
		3B10099B29FA2D5800A60FDB /* FirebaseStorage in Frameworks */ = {isa = PBXBuildFile; productRef = 3B10099A29FA2D5800A60FDB /* FirebaseStorage */; };
		3B10099D29FA2DC500A60FDB /* RegistrationViewController.swift in Sources */ = {isa = PBXBuildFile; fileRef = 3B10099C29FA2DC500A60FDB /* RegistrationViewController.swift */; };
		3B10099F29FA318900A60FDB /* HomeViewController.swift in Sources */ = {isa = PBXBuildFile; fileRef = 3B10099E29FA318900A60FDB /* HomeViewController.swift */; };
		3B1009A129FA319900A60FDB /* ChartViewController.swift in Sources */ = {isa = PBXBuildFile; fileRef = 3B1009A029FA319900A60FDB /* ChartViewController.swift */; };
		3B1009A329FA31C000A60FDB /* MainTabBarController.swift in Sources */ = {isa = PBXBuildFile; fileRef = 3B1009A229FA31C000A60FDB /* MainTabBarController.swift */; };
		3B1009A529FB46D500A60FDB /* CreateRoutineViewController.swift in Sources */ = {isa = PBXBuildFile; fileRef = 3B1009A429FB46D500A60FDB /* CreateRoutineViewController.swift */; };
		3B1009AB29FE356D00A60FDB /* Models.swift in Sources */ = {isa = PBXBuildFile; fileRef = 3B1009AA29FE356D00A60FDB /* Models.swift */; };
		3B1009AD29FE397200A60FDB /* CreateWorkoutViewController.swift in Sources */ = {isa = PBXBuildFile; fileRef = 3B1009AC29FE397200A60FDB /* CreateWorkoutViewController.swift */; };
		3B1009AF29FF010C00A60FDB /* InteractiveModalPresentationController.swift in Sources */ = {isa = PBXBuildFile; fileRef = 3B1009AE29FF010C00A60FDB /* InteractiveModalPresentationController.swift */; };
		3B1009B129FF085100A60FDB /* AddExerciseViewController.swift in Sources */ = {isa = PBXBuildFile; fileRef = 3B1009B029FF085100A60FDB /* AddExerciseViewController.swift */; };
		3B1009B32A07211300A60FDB /* RoutineTableViewCell.swift in Sources */ = {isa = PBXBuildFile; fileRef = 3B1009B22A07211300A60FDB /* RoutineTableViewCell.swift */; };
/* End PBXBuildFile section */

/* Begin PBXFileReference section */
		3B0EE0F32A09D70A003ACB7A /* WorkoutDetailsViewController.swift */ = {isa = PBXFileReference; lastKnownFileType = sourcecode.swift; path = WorkoutDetailsViewController.swift; sourceTree = "<group>"; };
		3B0EE0F52A09D82A003ACB7A /* ExerciseFieldView.swift */ = {isa = PBXFileReference; lastKnownFileType = sourcecode.swift; path = ExerciseFieldView.swift; sourceTree = "<group>"; };
		3B0EE0F72A0B0974003ACB7A /* SettingsViewController.swift */ = {isa = PBXFileReference; lastKnownFileType = sourcecode.swift; path = SettingsViewController.swift; sourceTree = "<group>"; };
		3B10097629FA27B100A60FDB /* training-volume-ios.app */ = {isa = PBXFileReference; explicitFileType = wrapper.application; includeInIndex = 0; path = "training-volume-ios.app"; sourceTree = BUILT_PRODUCTS_DIR; };
		3B10097929FA27B100A60FDB /* AppDelegate.swift */ = {isa = PBXFileReference; lastKnownFileType = sourcecode.swift; path = AppDelegate.swift; sourceTree = "<group>"; };
		3B10097B29FA27B100A60FDB /* SceneDelegate.swift */ = {isa = PBXFileReference; lastKnownFileType = sourcecode.swift; path = SceneDelegate.swift; sourceTree = "<group>"; };
		3B10097D29FA27B100A60FDB /* ViewController.swift */ = {isa = PBXFileReference; lastKnownFileType = sourcecode.swift; path = ViewController.swift; sourceTree = "<group>"; };
		3B10098229FA27B300A60FDB /* Assets.xcassets */ = {isa = PBXFileReference; lastKnownFileType = folder.assetcatalog; path = Assets.xcassets; sourceTree = "<group>"; };
		3B10098529FA27B300A60FDB /* Base */ = {isa = PBXFileReference; lastKnownFileType = file.storyboard; name = Base; path = Base.lproj/LaunchScreen.storyboard; sourceTree = "<group>"; };
		3B10098729FA27B300A60FDB /* Info.plist */ = {isa = PBXFileReference; lastKnownFileType = text.plist.xml; path = Info.plist; sourceTree = "<group>"; };
		3B10098D29FA28EE00A60FDB /* LoginViewController.swift */ = {isa = PBXFileReference; lastKnownFileType = sourcecode.swift; path = LoginViewController.swift; sourceTree = "<group>"; };
		3B10098F29FA2CD400A60FDB /* GoogleService-Info.plist */ = {isa = PBXFileReference; fileEncoding = 4; lastKnownFileType = text.plist.xml; path = "GoogleService-Info.plist"; sourceTree = "<group>"; };
		3B10099C29FA2DC500A60FDB /* RegistrationViewController.swift */ = {isa = PBXFileReference; lastKnownFileType = sourcecode.swift; path = RegistrationViewController.swift; sourceTree = "<group>"; };
		3B10099E29FA318900A60FDB /* HomeViewController.swift */ = {isa = PBXFileReference; lastKnownFileType = sourcecode.swift; path = HomeViewController.swift; sourceTree = "<group>"; };
		3B1009A029FA319900A60FDB /* ChartViewController.swift */ = {isa = PBXFileReference; lastKnownFileType = sourcecode.swift; path = ChartViewController.swift; sourceTree = "<group>"; };
		3B1009A229FA31C000A60FDB /* MainTabBarController.swift */ = {isa = PBXFileReference; lastKnownFileType = sourcecode.swift; path = MainTabBarController.swift; sourceTree = "<group>"; };
		3B1009A429FB46D500A60FDB /* CreateRoutineViewController.swift */ = {isa = PBXFileReference; lastKnownFileType = sourcecode.swift; path = CreateRoutineViewController.swift; sourceTree = "<group>"; };
		3B1009AA29FE356D00A60FDB /* Models.swift */ = {isa = PBXFileReference; lastKnownFileType = sourcecode.swift; path = Models.swift; sourceTree = "<group>"; };
		3B1009AC29FE397200A60FDB /* CreateWorkoutViewController.swift */ = {isa = PBXFileReference; lastKnownFileType = sourcecode.swift; path = CreateWorkoutViewController.swift; sourceTree = "<group>"; };
		3B1009AE29FF010C00A60FDB /* InteractiveModalPresentationController.swift */ = {isa = PBXFileReference; lastKnownFileType = sourcecode.swift; path = InteractiveModalPresentationController.swift; sourceTree = "<group>"; };
		3B1009B029FF085100A60FDB /* AddExerciseViewController.swift */ = {isa = PBXFileReference; lastKnownFileType = sourcecode.swift; path = AddExerciseViewController.swift; sourceTree = "<group>"; };
		3B1009B22A07211300A60FDB /* RoutineTableViewCell.swift */ = {isa = PBXFileReference; lastKnownFileType = sourcecode.swift; path = RoutineTableViewCell.swift; sourceTree = "<group>"; };
/* End PBXFileReference section */

/* Begin PBXFrameworksBuildPhase section */
		3B10097329FA27B100A60FDB /* Frameworks */ = {
			isa = PBXFrameworksBuildPhase;
			buildActionMask = 2147483647;
			files = (
				3B10099529FA2D5800A60FDB /* FirebaseDatabase in Frameworks */,
				3B10099329FA2D5800A60FDB /* FirebaseAuth in Frameworks */,
				3B10099729FA2D5800A60FDB /* FirebaseFirestore in Frameworks */,
				3B10099B29FA2D5800A60FDB /* FirebaseStorage in Frameworks */,
				3B10099929FA2D5800A60FDB /* FirebaseFirestoreSwift in Frameworks */,
			);
			runOnlyForDeploymentPostprocessing = 0;
		};
/* End PBXFrameworksBuildPhase section */

/* Begin PBXGroup section */
		3B10096D29FA27B100A60FDB = {
			isa = PBXGroup;
			children = (
				3B10097829FA27B100A60FDB /* training-volume-ios */,
				3B10097729FA27B100A60FDB /* Products */,
			);
			sourceTree = "<group>";
		};
		3B10097729FA27B100A60FDB /* Products */ = {
			isa = PBXGroup;
			children = (
				3B10097629FA27B100A60FDB /* training-volume-ios.app */,
			);
			name = Products;
			sourceTree = "<group>";
		};
		3B10097829FA27B100A60FDB /* training-volume-ios */ = {
			isa = PBXGroup;
			children = (
				3B1009B029FF085100A60FDB /* AddExerciseViewController.swift */,
				3B1009A429FB46D500A60FDB /* CreateRoutineViewController.swift */,
				3B10098F29FA2CD400A60FDB /* GoogleService-Info.plist */,
				3B10097929FA27B100A60FDB /* AppDelegate.swift */,
				3B10097B29FA27B100A60FDB /* SceneDelegate.swift */,
				3B10097D29FA27B100A60FDB /* ViewController.swift */,
				3B10098229FA27B300A60FDB /* Assets.xcassets */,
				3B10098429FA27B300A60FDB /* LaunchScreen.storyboard */,
				3B10098729FA27B300A60FDB /* Info.plist */,
				3B10098D29FA28EE00A60FDB /* LoginViewController.swift */,
				3B10099C29FA2DC500A60FDB /* RegistrationViewController.swift */,
				3B10099E29FA318900A60FDB /* HomeViewController.swift */,
				3B1009A029FA319900A60FDB /* ChartViewController.swift */,
				3B1009A229FA31C000A60FDB /* MainTabBarController.swift */,
				3B1009AA29FE356D00A60FDB /* Models.swift */,
				3B1009AC29FE397200A60FDB /* CreateWorkoutViewController.swift */,
				3B1009AE29FF010C00A60FDB /* InteractiveModalPresentationController.swift */,
				3B1009B22A07211300A60FDB /* RoutineTableViewCell.swift */,
				3B0EE0F32A09D70A003ACB7A /* WorkoutDetailsViewController.swift */,
				3B0EE0F52A09D82A003ACB7A /* ExerciseFieldView.swift */,
				3B0EE0F72A0B0974003ACB7A /* SettingsViewController.swift */,
			);
			path = "training-volume-ios";
			sourceTree = "<group>";
		};
/* End PBXGroup section */

/* Begin PBXNativeTarget section */
		3B10097529FA27B100A60FDB /* training-volume-ios */ = {
			isa = PBXNativeTarget;
			buildConfigurationList = 3B10098A29FA27B300A60FDB /* Build configuration list for PBXNativeTarget "training-volume-ios" */;
			buildPhases = (
				3B10097229FA27B100A60FDB /* Sources */,
				3B10097329FA27B100A60FDB /* Frameworks */,
				3B10097429FA27B100A60FDB /* Resources */,
			);
			buildRules = (
			);
			dependencies = (
			);
			name = "training-volume-ios";
			packageProductDependencies = (
				3B10099229FA2D5800A60FDB /* FirebaseAuth */,
				3B10099429FA2D5800A60FDB /* FirebaseDatabase */,
				3B10099629FA2D5800A60FDB /* FirebaseFirestore */,
				3B10099829FA2D5800A60FDB /* FirebaseFirestoreSwift */,
				3B10099A29FA2D5800A60FDB /* FirebaseStorage */,
			);
			productName = "training-volume-ios";
			productReference = 3B10097629FA27B100A60FDB /* training-volume-ios.app */;
			productType = "com.apple.product-type.application";
		};
/* End PBXNativeTarget section */

/* Begin PBXProject section */
		3B10096E29FA27B100A60FDB /* Project object */ = {
			isa = PBXProject;
			attributes = {
				BuildIndependentTargetsInParallel = 1;
				LastSwiftUpdateCheck = 1430;
				LastUpgradeCheck = 1430;
				TargetAttributes = {
					3B10097529FA27B100A60FDB = {
						CreatedOnToolsVersion = 14.3;
					};
				};
			};
			buildConfigurationList = 3B10097129FA27B100A60FDB /* Build configuration list for PBXProject "training-volume-ios" */;
			compatibilityVersion = "Xcode 14.0";
			developmentRegion = en;
			hasScannedForEncodings = 0;
			knownRegions = (
				en,
				Base,
			);
			mainGroup = 3B10096D29FA27B100A60FDB;
			packageReferences = (
				3B10099129FA2D5800A60FDB /* XCRemoteSwiftPackageReference "firebase-ios-sdk" */,
			);
			productRefGroup = 3B10097729FA27B100A60FDB /* Products */;
			projectDirPath = "";
			projectRoot = "";
			targets = (
				3B10097529FA27B100A60FDB /* training-volume-ios */,
			);
		};
/* End PBXProject section */

/* Begin PBXResourcesBuildPhase section */
		3B10097429FA27B100A60FDB /* Resources */ = {
			isa = PBXResourcesBuildPhase;
			buildActionMask = 2147483647;
			files = (
				3B10099029FA2CD400A60FDB /* GoogleService-Info.plist in Resources */,
				3B10098629FA27B300A60FDB /* LaunchScreen.storyboard in Resources */,
				3B10098329FA27B300A60FDB /* Assets.xcassets in Resources */,
			);
			runOnlyForDeploymentPostprocessing = 0;
		};
/* End PBXResourcesBuildPhase section */

/* Begin PBXSourcesBuildPhase section */
		3B10097229FA27B100A60FDB /* Sources */ = {
			isa = PBXSourcesBuildPhase;
			buildActionMask = 2147483647;
			files = (
				3B1009AB29FE356D00A60FDB /* Models.swift in Sources */,
				3B10098E29FA28EE00A60FDB /* LoginViewController.swift in Sources */,
				3B1009A129FA319900A60FDB /* ChartViewController.swift in Sources */,
				3B1009A329FA31C000A60FDB /* MainTabBarController.swift in Sources */,
				3B1009B32A07211300A60FDB /* RoutineTableViewCell.swift in Sources */,
				3B10097E29FA27B100A60FDB /* ViewController.swift in Sources */,
				3B10097A29FA27B100A60FDB /* AppDelegate.swift in Sources */,
				3B1009AD29FE397200A60FDB /* CreateWorkoutViewController.swift in Sources */,
				3B10097C29FA27B100A60FDB /* SceneDelegate.swift in Sources */,
				3B0EE0F62A09D82A003ACB7A /* ExerciseFieldView.swift in Sources */,
				3B1009A529FB46D500A60FDB /* CreateRoutineViewController.swift in Sources */,
				3B10099D29FA2DC500A60FDB /* RegistrationViewController.swift in Sources */,
				3B0EE0F82A0B0974003ACB7A /* SettingsViewController.swift in Sources */,
				3B1009AF29FF010C00A60FDB /* InteractiveModalPresentationController.swift in Sources */,
				3B0EE0F42A09D70A003ACB7A /* WorkoutDetailsViewController.swift in Sources */,
				3B1009B129FF085100A60FDB /* AddExerciseViewController.swift in Sources */,
				3B10099F29FA318900A60FDB /* HomeViewController.swift in Sources */,
			);
			runOnlyForDeploymentPostprocessing = 0;
		};
/* End PBXSourcesBuildPhase section */

/* Begin PBXVariantGroup section */
		3B10098429FA27B300A60FDB /* LaunchScreen.storyboard */ = {
			isa = PBXVariantGroup;
			children = (
				3B10098529FA27B300A60FDB /* Base */,
			);
			name = LaunchScreen.storyboard;
			sourceTree = "<group>";
		};
/* End PBXVariantGroup section */

/* Begin XCBuildConfiguration section */
		3B10098829FA27B300A60FDB /* Debug */ = {
			isa = XCBuildConfiguration;
			buildSettings = {
				ALWAYS_SEARCH_USER_PATHS = NO;
				CLANG_ANALYZER_NONNULL = YES;
				CLANG_ANALYZER_NUMBER_OBJECT_CONVERSION = YES_AGGRESSIVE;
				CLANG_CXX_LANGUAGE_STANDARD = "gnu++20";
				CLANG_ENABLE_MODULES = YES;
				CLANG_ENABLE_OBJC_ARC = YES;
				CLANG_ENABLE_OBJC_WEAK = YES;
				CLANG_WARN_BLOCK_CAPTURE_AUTORELEASING = YES;
				CLANG_WARN_BOOL_CONVERSION = YES;
				CLANG_WARN_COMMA = YES;
				CLANG_WARN_CONSTANT_CONVERSION = YES;
				CLANG_WARN_DEPRECATED_OBJC_IMPLEMENTATIONS = YES;
				CLANG_WARN_DIRECT_OBJC_ISA_USAGE = YES_ERROR;
				CLANG_WARN_DOCUMENTATION_COMMENTS = YES;
				CLANG_WARN_EMPTY_BODY = YES;
				CLANG_WARN_ENUM_CONVERSION = YES;
				CLANG_WARN_INFINITE_RECURSION = YES;
				CLANG_WARN_INT_CONVERSION = YES;
				CLANG_WARN_NON_LITERAL_NULL_CONVERSION = YES;
				CLANG_WARN_OBJC_IMPLICIT_RETAIN_SELF = YES;
				CLANG_WARN_OBJC_LITERAL_CONVERSION = YES;
				CLANG_WARN_OBJC_ROOT_CLASS = YES_ERROR;
				CLANG_WARN_QUOTED_INCLUDE_IN_FRAMEWORK_HEADER = YES;
				CLANG_WARN_RANGE_LOOP_ANALYSIS = YES;
				CLANG_WARN_STRICT_PROTOTYPES = YES;
				CLANG_WARN_SUSPICIOUS_MOVE = YES;
				CLANG_WARN_UNGUARDED_AVAILABILITY = YES_AGGRESSIVE;
				CLANG_WARN_UNREACHABLE_CODE = YES;
				CLANG_WARN__DUPLICATE_METHOD_MATCH = YES;
				COPY_PHASE_STRIP = NO;
				DEBUG_INFORMATION_FORMAT = dwarf;
				ENABLE_STRICT_OBJC_MSGSEND = YES;
				ENABLE_TESTABILITY = YES;
				GCC_C_LANGUAGE_STANDARD = gnu11;
				GCC_DYNAMIC_NO_PIC = NO;
				GCC_NO_COMMON_BLOCKS = YES;
				GCC_OPTIMIZATION_LEVEL = 0;
				GCC_PREPROCESSOR_DEFINITIONS = (
					"DEBUG=1",
					"$(inherited)",
				);
				GCC_WARN_64_TO_32_BIT_CONVERSION = YES;
				GCC_WARN_ABOUT_RETURN_TYPE = YES_ERROR;
				GCC_WARN_UNDECLARED_SELECTOR = YES;
				GCC_WARN_UNINITIALIZED_AUTOS = YES_AGGRESSIVE;
				GCC_WARN_UNUSED_FUNCTION = YES;
				GCC_WARN_UNUSED_VARIABLE = YES;
				IPHONEOS_DEPLOYMENT_TARGET = 16.4;
				MTL_ENABLE_DEBUG_INFO = INCLUDE_SOURCE;
				MTL_FAST_MATH = YES;
				ONLY_ACTIVE_ARCH = YES;
				SDKROOT = iphoneos;
				SWIFT_ACTIVE_COMPILATION_CONDITIONS = DEBUG;
				SWIFT_OPTIMIZATION_LEVEL = "-Onone";
			};
			name = Debug;
		};
		3B10098929FA27B300A60FDB /* Release */ = {
			isa = XCBuildConfiguration;
			buildSettings = {
				ALWAYS_SEARCH_USER_PATHS = NO;
				CLANG_ANALYZER_NONNULL = YES;
				CLANG_ANALYZER_NUMBER_OBJECT_CONVERSION = YES_AGGRESSIVE;
				CLANG_CXX_LANGUAGE_STANDARD = "gnu++20";
				CLANG_ENABLE_MODULES = YES;
				CLANG_ENABLE_OBJC_ARC = YES;
				CLANG_ENABLE_OBJC_WEAK = YES;
				CLANG_WARN_BLOCK_CAPTURE_AUTORELEASING = YES;
				CLANG_WARN_BOOL_CONVERSION = YES;
				CLANG_WARN_COMMA = YES;
				CLANG_WARN_CONSTANT_CONVERSION = YES;
				CLANG_WARN_DEPRECATED_OBJC_IMPLEMENTATIONS = YES;
				CLANG_WARN_DIRECT_OBJC_ISA_USAGE = YES_ERROR;
				CLANG_WARN_DOCUMENTATION_COMMENTS = YES;
				CLANG_WARN_EMPTY_BODY = YES;
				CLANG_WARN_ENUM_CONVERSION = YES;
				CLANG_WARN_INFINITE_RECURSION = YES;
				CLANG_WARN_INT_CONVERSION = YES;
				CLANG_WARN_NON_LITERAL_NULL_CONVERSION = YES;
				CLANG_WARN_OBJC_IMPLICIT_RETAIN_SELF = YES;
				CLANG_WARN_OBJC_LITERAL_CONVERSION = YES;
				CLANG_WARN_OBJC_ROOT_CLASS = YES_ERROR;
				CLANG_WARN_QUOTED_INCLUDE_IN_FRAMEWORK_HEADER = YES;
				CLANG_WARN_RANGE_LOOP_ANALYSIS = YES;
				CLANG_WARN_STRICT_PROTOTYPES = YES;
				CLANG_WARN_SUSPICIOUS_MOVE = YES;
				CLANG_WARN_UNGUARDED_AVAILABILITY = YES_AGGRESSIVE;
				CLANG_WARN_UNREACHABLE_CODE = YES;
				CLANG_WARN__DUPLICATE_METHOD_MATCH = YES;
				COPY_PHASE_STRIP = NO;
				DEBUG_INFORMATION_FORMAT = "dwarf-with-dsym";
				ENABLE_NS_ASSERTIONS = NO;
				ENABLE_STRICT_OBJC_MSGSEND = YES;
				GCC_C_LANGUAGE_STANDARD = gnu11;
				GCC_NO_COMMON_BLOCKS = YES;
				GCC_WARN_64_TO_32_BIT_CONVERSION = YES;
				GCC_WARN_ABOUT_RETURN_TYPE = YES_ERROR;
				GCC_WARN_UNDECLARED_SELECTOR = YES;
				GCC_WARN_UNINITIALIZED_AUTOS = YES_AGGRESSIVE;
				GCC_WARN_UNUSED_FUNCTION = YES;
				GCC_WARN_UNUSED_VARIABLE = YES;
				IPHONEOS_DEPLOYMENT_TARGET = 16.4;
				MTL_ENABLE_DEBUG_INFO = NO;
				MTL_FAST_MATH = YES;
				SDKROOT = iphoneos;
				SWIFT_COMPILATION_MODE = wholemodule;
				SWIFT_OPTIMIZATION_LEVEL = "-O";
				VALIDATE_PRODUCT = YES;
			};
			name = Release;
		};
		3B10098B29FA27B300A60FDB /* Debug */ = {
			isa = XCBuildConfiguration;
			buildSettings = {
				ASSETCATALOG_COMPILER_APPICON_NAME = AppIcon;
				ASSETCATALOG_COMPILER_GLOBAL_ACCENT_COLOR_NAME = AccentColor;
				CODE_SIGN_STYLE = Automatic;
				CURRENT_PROJECT_VERSION = 1;
				DEVELOPMENT_TEAM = 2232269234;
				GENERATE_INFOPLIST_FILE = YES;
				INFOPLIST_FILE = "training-volume-ios/Info.plist";
				INFOPLIST_KEY_LSApplicationCategoryType = "public.app-category.healthcare-fitness";
				INFOPLIST_KEY_UIApplicationSupportsIndirectInputEvents = YES;
				INFOPLIST_KEY_UILaunchStoryboardName = LaunchScreen;
				INFOPLIST_KEY_UIStatusBarStyle = "";
				INFOPLIST_KEY_UISupportedInterfaceOrientations_iPad = "UIInterfaceOrientationPortrait UIInterfaceOrientationPortraitUpsideDown UIInterfaceOrientationLandscapeLeft UIInterfaceOrientationLandscapeRight";
				INFOPLIST_KEY_UISupportedInterfaceOrientations_iPhone = "UIInterfaceOrientationPortrait UIInterfaceOrientationLandscapeLeft UIInterfaceOrientationLandscapeRight";
				LD_RUNPATH_SEARCH_PATHS = (
					"$(inherited)",
					"@executable_path/Frameworks",
				);
				MARKETING_VERSION = 1.0;
				PRODUCT_BUNDLE_IDENTIFIER = "bobbykiaie.training-volume-ios";
				PRODUCT_NAME = "$(TARGET_NAME)";
				SWIFT_EMIT_LOC_STRINGS = YES;
				SWIFT_VERSION = 5.0;
				TARGETED_DEVICE_FAMILY = "1,2";
			};
			name = Debug;
		};
		3B10098C29FA27B300A60FDB /* Release */ = {
			isa = XCBuildConfiguration;
			buildSettings = {
				ASSETCATALOG_COMPILER_APPICON_NAME = AppIcon;
				ASSETCATALOG_COMPILER_GLOBAL_ACCENT_COLOR_NAME = AccentColor;
				CODE_SIGN_STYLE = Automatic;
				CURRENT_PROJECT_VERSION = 1;
				DEVELOPMENT_TEAM = 2232269234;
				GENERATE_INFOPLIST_FILE = YES;
				INFOPLIST_FILE = "training-volume-ios/Info.plist";
				INFOPLIST_KEY_LSApplicationCategoryType = "public.app-category.healthcare-fitness";
				INFOPLIST_KEY_UIApplicationSupportsIndirectInputEvents = YES;
				INFOPLIST_KEY_UILaunchStoryboardName = LaunchScreen;
				INFOPLIST_KEY_UIStatusBarStyle = "";
				INFOPLIST_KEY_UISupportedInterfaceOrientations_iPad = "UIInterfaceOrientationPortrait UIInterfaceOrientationPortraitUpsideDown UIInterfaceOrientationLandscapeLeft UIInterfaceOrientationLandscapeRight";
				INFOPLIST_KEY_UISupportedInterfaceOrientations_iPhone = "UIInterfaceOrientationPortrait UIInterfaceOrientationLandscapeLeft UIInterfaceOrientationLandscapeRight";
				LD_RUNPATH_SEARCH_PATHS = (
					"$(inherited)",
					"@executable_path/Frameworks",
				);
				MARKETING_VERSION = 1.0;
				PRODUCT_BUNDLE_IDENTIFIER = "bobbykiaie.training-volume-ios";
				PRODUCT_NAME = "$(TARGET_NAME)";
				SWIFT_EMIT_LOC_STRINGS = YES;
				SWIFT_VERSION = 5.0;
				TARGETED_DEVICE_FAMILY = "1,2";
			};
			name = Release;
		};
/* End XCBuildConfiguration section */

/* Begin XCConfigurationList section */
		3B10097129FA27B100A60FDB /* Build configuration list for PBXProject "training-volume-ios" */ = {
			isa = XCConfigurationList;
			buildConfigurations = (
				3B10098829FA27B300A60FDB /* Debug */,
				3B10098929FA27B300A60FDB /* Release */,
			);
			defaultConfigurationIsVisible = 0;
			defaultConfigurationName = Release;
		};
		3B10098A29FA27B300A60FDB /* Build configuration list for PBXNativeTarget "training-volume-ios" */ = {
			isa = XCConfigurationList;
			buildConfigurations = (
				3B10098B29FA27B300A60FDB /* Debug */,
				3B10098C29FA27B300A60FDB /* Release */,
			);
			defaultConfigurationIsVisible = 0;
			defaultConfigurationName = Release;
		};
/* End XCConfigurationList section */

/* Begin XCRemoteSwiftPackageReference section */
		3B10099129FA2D5800A60FDB /* XCRemoteSwiftPackageReference "firebase-ios-sdk" */ = {
			isa = XCRemoteSwiftPackageReference;
			repositoryURL = "https://github.com/firebase/firebase-ios-sdk";
			requirement = {
				kind = upToNextMajorVersion;
				minimumVersion = 10.0.0;
			};
		};
/* End XCRemoteSwiftPackageReference section */

/* Begin XCSwiftPackageProductDependency section */
		3B10099229FA2D5800A60FDB /* FirebaseAuth */ = {
			isa = XCSwiftPackageProductDependency;
			package = 3B10099129FA2D5800A60FDB /* XCRemoteSwiftPackageReference "firebase-ios-sdk" */;
			productName = FirebaseAuth;
		};
		3B10099429FA2D5800A60FDB /* FirebaseDatabase */ = {
			isa = XCSwiftPackageProductDependency;
			package = 3B10099129FA2D5800A60FDB /* XCRemoteSwiftPackageReference "firebase-ios-sdk" */;
			productName = FirebaseDatabase;
		};
		3B10099629FA2D5800A60FDB /* FirebaseFirestore */ = {
			isa = XCSwiftPackageProductDependency;
			package = 3B10099129FA2D5800A60FDB /* XCRemoteSwiftPackageReference "firebase-ios-sdk" */;
			productName = FirebaseFirestore;
		};
		3B10099829FA2D5800A60FDB /* FirebaseFirestoreSwift */ = {
			isa = XCSwiftPackageProductDependency;
			package = 3B10099129FA2D5800A60FDB /* XCRemoteSwiftPackageReference "firebase-ios-sdk" */;
			productName = FirebaseFirestoreSwift;
		};
		3B10099A29FA2D5800A60FDB /* FirebaseStorage */ = {
			isa = XCSwiftPackageProductDependency;
			package = 3B10099129FA2D5800A60FDB /* XCRemoteSwiftPackageReference "firebase-ios-sdk" */;
			productName = FirebaseStorage;
		};
/* End XCSwiftPackageProductDependency section */
	};
	rootObject = 3B10096E29FA27B100A60FDB /* Project object */;
}
